
Microsoft Visual Studio Solution File, Format Version 12.00
# Visual Studio Version 17
VisualStudioVersion = 17.5.002.0
MinimumVisualStudioVersion = 10.0.40219.1
Project("{9A19103F-16F7-4668-BE54-9A1E7A4F7556}") = "ComponentsApp", "ComponentsApp.csproj", "{54954C6F-EC56-4DED-8781-3B2B70BFE9FC}"
EndProject
Global
	GlobalSection(SolutionConfigurationPlatforms) = preSolution
		Debug|Any CPU = Debug|Any CPU
		Release|Any CPU = Release|Any CPU
	EndGlobalSection
	GlobalSection(ProjectConfigurationPlatforms) = postSolution
		{54954C6F-EC56-4DED-8781-3B2B70BFE9FC}.Debug|Any CPU.ActiveCfg = Debug|Any CPU
		{54954C6F-EC56-4DED-8781-3B2B70BFE9FC}.Debug|Any CPU.Build.0 = Debug|Any CPU
		{54954C6F-EC56-4DED-8781-3B2B70BFE9FC}.Release|Any CPU.ActiveCfg = Release|Any CPU
		{54954C6F-EC56-4DED-8781-3B2B70BFE9FC}.Release|Any CPU.Build.0 = Release|Any CPU
	EndGlobalSection
	GlobalSection(SolutionProperties) = preSolution
		HideSolutionNode = FALSE
	EndGlobalSection
	GlobalSection(ExtensibilityGlobals) = postSolution
		SolutionGuid = {003B8EB5-CD41-4BA8-BFFE-6180BC5D54AF}
	EndGlobalSection
EndGlobal
